# This file is @generated by PDM.
# It is not intended for manual editing.

[metadata]
groups = ["default"]
strategy = ["inherit_metadata"]
lock_version = "4.5.0"
content_hash = "sha256:1edf42f56acbcd53ad6c398a13f679e4fc1f9a364a27d65c2b8c73c7e8c68341"

[[metadata.targets]]
requires_python = "==3.8.*"

[[package]]
name = "fishmlserv"
version = "0.1.0"
requires_python = "==3.8.*"
path = "./."
summary = "Default template for PDM package"
groups = ["default"]
